{
    "name": "footer",
    "version": "1.0.0",
    "lockfileVersion": 2,
    "requires": true,
    "packages": {
        "": {
            "name": "footer",
            "version": "1.0.0",
            "dependencies": {
                "vuex": "^3.6.2"
            }
        },
        "node_modules/vue": {
            "version": "2.6.14",
            "resolved": "https://registry.npmjs.org/vue/-/vue-2.6.14.tgz",
            "integrity": "sha512-x2284lgYvjOMj3Za7kqzRcUSxBboHqtgRE2zlos1qWaOye5yUmHn42LB1250NJBLRwEcdrB0JRwyPTEPhfQjiQ==",
            "peer": true
        },
        "node_modules/vuex": {
            "version": "3.6.2",
            "resolved": "https://registry.npmjs.org/vuex/-/vuex-3.6.2.tgz",
            "integrity": "sha512-ETW44IqCgBpVomy520DT5jf8n0zoCac+sxWnn+hMe/CzaSejb/eVw2YToiXYX+Ex/AuHHia28vWTq4goAexFbw==",
            "peerDependencies": {
                "vue": "^2.0.0"
            }
        }
    },
    "dependencies": {
        "vue": {
            "version": "2.6.14",
            "resolved": "https://registry.npmjs.org/vue/-/vue-2.6.14.tgz",
            "integrity": "sha512-x2284lgYvjOMj3Za7kqzRcUSxBboHqtgRE2zlos1qWaOye5yUmHn42LB1250NJBLRwEcdrB0JRwyPTEPhfQjiQ==",
            "peer": true
        },
        "vuex": {
            "version": "3.6.2",
            "resolved": "https://registry.npmjs.org/vuex/-/vuex-3.6.2.tgz",
            "integrity": "sha512-ETW44IqCgBpVomy520DT5jf8n0zoCac+sxWnn+hMe/CzaSejb/eVw2YToiXYX+Ex/AuHHia28vWTq4goAexFbw==",
            "requires": {}
        }
    }
}
