{
    "name": "footer",
    "version": "1.0.0",
    "lockfileVersion": 1,
    "requires": true,
    "dependencies": {
        "vuex": {
            "version": "3.6.2",
            "resolved": "https://registry.npmjs.org/vuex/-/vuex-3.6.2.tgz",
            "integrity": "sha512-ETW44IqCgBpVomy520DT5jf8n0zoCac+sxWnn+hMe/CzaSejb/eVw2YToiXYX+Ex/AuHHia28vWTq4goAexFbw=="
        }
    }
}
